// !$*UTF8*$!
{
	archiveVersion = 1;
	classes = {
	};
	objectVersion = 56;
	objects = {

/* Begin PBXBuildFile section */
		A007D5E72C1AEAD600316599 /* WeatherCastApp.swift in Sources */ = {isa = PBXBuildFile; fileRef = A007D5E62C1AEAD600316599 /* WeatherCastApp.swift */; };
		A007D5EB2C1AEAD800316599 /* Assets.xcassets in Resources */ = {isa = PBXBuildFile; fileRef = A007D5EA2C1AEAD800316599 /* Assets.xcassets */; };
		A007D5EE2C1AEAD800316599 /* Preview Assets.xcassets in Resources */ = {isa = PBXBuildFile; fileRef = A007D5ED2C1AEAD800316599 /* Preview Assets.xcassets */; };
		A007D5F82C1AEAD900316599 /* WeatherCastTests.swift in Sources */ = {isa = PBXBuildFile; fileRef = A007D5F72C1AEAD900316599 /* WeatherCastTests.swift */; };
		A007D6022C1AEAD900316599 /* WeatherCastUITests.swift in Sources */ = {isa = PBXBuildFile; fileRef = A007D6012C1AEAD900316599 /* WeatherCastUITests.swift */; };
		A007D6042C1AEAD900316599 /* WeatherCastUITestsLaunchTests.swift in Sources */ = {isa = PBXBuildFile; fileRef = A007D6032C1AEAD900316599 /* WeatherCastUITestsLaunchTests.swift */; };
		A00809852C1C1A2100979AB6 /* VisualCrossing.swift in Sources */ = {isa = PBXBuildFile; fileRef = A00809842C1C1A2100979AB6 /* VisualCrossing.swift */; };
		A066B4B42C2EA60200B7BF49 /* SwiftyGif in Frameworks */ = {isa = PBXBuildFile; productRef = A066B4B32C2EA60200B7BF49 /* SwiftyGif */; };
		A069079A2C2C072B006E7382 /* FavoriteView.swift in Sources */ = {isa = PBXBuildFile; fileRef = A06907992C2C072B006E7382 /* FavoriteView.swift */; };
		A069079C2C2C40A4006E7382 /* MainView.swift in Sources */ = {isa = PBXBuildFile; fileRef = A069079B2C2C40A4006E7382 /* MainView.swift */; };
		A0A297FA2C36BCAC00DAD6A8 /* clear-day-gif.gif in Resources */ = {isa = PBXBuildFile; fileRef = A0A297F92C36BCAC00DAD6A8 /* clear-day-gif.gif */; };
		A0A297FC2C36C19100DAD6A8 /* cloudy-gif.gif in Resources */ = {isa = PBXBuildFile; fileRef = A0A297FB2C36C19100DAD6A8 /* cloudy-gif.gif */; };
		A0A297FF2C36C1E800DAD6A8 /* fog-gif.gif in Resources */ = {isa = PBXBuildFile; fileRef = A0A297FE2C36C1E800DAD6A8 /* fog-gif.gif */; };
		A0A298012C36C22800DAD6A8 /* rain-gif.gif in Resources */ = {isa = PBXBuildFile; fileRef = A0A298002C36C22700DAD6A8 /* rain-gif.gif */; };
		A0A298032C36C25F00DAD6A8 /* thunderstorm-gif.gif in Resources */ = {isa = PBXBuildFile; fileRef = A0A298022C36C25F00DAD6A8 /* thunderstorm-gif.gif */; };
		A0A298052C36C28400DAD6A8 /* tornado-gif.gif in Resources */ = {isa = PBXBuildFile; fileRef = A0A298042C36C28400DAD6A8 /* tornado-gif.gif */; };
		A0A298072C36C29D00DAD6A8 /* wind-gif.gif in Resources */ = {isa = PBXBuildFile; fileRef = A0A298062C36C29D00DAD6A8 /* wind-gif.gif */; };
		A0A298092C36C2CA00DAD6A8 /* clear-night-gif.gif in Resources */ = {isa = PBXBuildFile; fileRef = A0A298082C36C2CA00DAD6A8 /* clear-night-gif.gif */; };
		A0A2980B2C36C3D300DAD6A8 /* snow-gif.gif in Resources */ = {isa = PBXBuildFile; fileRef = A0A2980A2C36C3D300DAD6A8 /* snow-gif.gif */; };
		A0A2980D2C36C50A00DAD6A8 /* partly-cloudy-day-gif.gif in Resources */ = {isa = PBXBuildFile; fileRef = A0A2980C2C36C50A00DAD6A8 /* partly-cloudy-day-gif.gif */; };
		A0A2980F2C36C5BC00DAD6A8 /* partly-cloudy-night-gif.gif in Resources */ = {isa = PBXBuildFile; fileRef = A0A2980E2C36C5BC00DAD6A8 /* partly-cloudy-night-gif.gif */; };
		A0A90D9D2C33F9C700ED7A59 /* FLAnimatedImage in Frameworks */ = {isa = PBXBuildFile; productRef = A0A90D9C2C33F9C700ED7A59 /* FLAnimatedImage */; };
		A0A90D9F2C33FAB700ED7A59 /* GifImagePlayer.swift in Sources */ = {isa = PBXBuildFile; fileRef = A0A90D9E2C33FAB700ED7A59 /* GifImagePlayer.swift */; };
		A0FF48A82C2D5445007CDF00 /* WriteJson.swift in Sources */ = {isa = PBXBuildFile; fileRef = A0FF48A72C2D5445007CDF00 /* WriteJson.swift */; };
		A0FF48AC2C2DB323007CDF00 /* WeatherDetailView.swift in Sources */ = {isa = PBXBuildFile; fileRef = A0FF48AB2C2DB323007CDF00 /* WeatherDetailView.swift */; };
/* End PBXBuildFile section */

/* Begin PBXContainerItemProxy section */
		A007D5F42C1AEAD900316599 /* PBXContainerItemProxy */ = {
			isa = PBXContainerItemProxy;
			containerPortal = A007D5DB2C1AEAD600316599 /* Project object */;
			proxyType = 1;
			remoteGlobalIDString = A007D5E22C1AEAD600316599;
			remoteInfo = WeatherCast;
		};
		A007D5FE2C1AEAD900316599 /* PBXContainerItemProxy */ = {
			isa = PBXContainerItemProxy;
			containerPortal = A007D5DB2C1AEAD600316599 /* Project object */;
			proxyType = 1;
			remoteGlobalIDString = A007D5E22C1AEAD600316599;
			remoteInfo = WeatherCast;
		};
/* End PBXContainerItemProxy section */

/* Begin PBXFileReference section */
		A007D5E32C1AEAD600316599 /* WeatherCast.app */ = {isa = PBXFileReference; explicitFileType = wrapper.application; includeInIndex = 0; path = WeatherCast.app; sourceTree = BUILT_PRODUCTS_DIR; };
		A007D5E62C1AEAD600316599 /* WeatherCastApp.swift */ = {isa = PBXFileReference; lastKnownFileType = sourcecode.swift; path = WeatherCastApp.swift; sourceTree = "<group>"; };
		A007D5EA2C1AEAD800316599 /* Assets.xcassets */ = {isa = PBXFileReference; lastKnownFileType = folder.assetcatalog; path = Assets.xcassets; sourceTree = "<group>"; };
		A007D5ED2C1AEAD800316599 /* Preview Assets.xcassets */ = {isa = PBXFileReference; lastKnownFileType = folder.assetcatalog; path = "Preview Assets.xcassets"; sourceTree = "<group>"; };
		A007D5F32C1AEAD900316599 /* WeatherCastTests.xctest */ = {isa = PBXFileReference; explicitFileType = wrapper.cfbundle; includeInIndex = 0; path = WeatherCastTests.xctest; sourceTree = BUILT_PRODUCTS_DIR; };
		A007D5F72C1AEAD900316599 /* WeatherCastTests.swift */ = {isa = PBXFileReference; lastKnownFileType = sourcecode.swift; path = WeatherCastTests.swift; sourceTree = "<group>"; };
		A007D5FD2C1AEAD900316599 /* WeatherCastUITests.xctest */ = {isa = PBXFileReference; explicitFileType = wrapper.cfbundle; includeInIndex = 0; path = WeatherCastUITests.xctest; sourceTree = BUILT_PRODUCTS_DIR; };
		A007D6012C1AEAD900316599 /* WeatherCastUITests.swift */ = {isa = PBXFileReference; lastKnownFileType = sourcecode.swift; path = WeatherCastUITests.swift; sourceTree = "<group>"; };
		A007D6032C1AEAD900316599 /* WeatherCastUITestsLaunchTests.swift */ = {isa = PBXFileReference; lastKnownFileType = sourcecode.swift; path = WeatherCastUITestsLaunchTests.swift; sourceTree = "<group>"; };
		A00809842C1C1A2100979AB6 /* VisualCrossing.swift */ = {isa = PBXFileReference; lastKnownFileType = sourcecode.swift; path = VisualCrossing.swift; sourceTree = "<group>"; };
		A06907992C2C072B006E7382 /* FavoriteView.swift */ = {isa = PBXFileReference; lastKnownFileType = sourcecode.swift; path = FavoriteView.swift; sourceTree = "<group>"; };
		A069079B2C2C40A4006E7382 /* MainView.swift */ = {isa = PBXFileReference; lastKnownFileType = sourcecode.swift; path = MainView.swift; sourceTree = "<group>"; };
		A0A297F92C36BCAC00DAD6A8 /* clear-day-gif.gif */ = {isa = PBXFileReference; lastKnownFileType = image.gif; path = "clear-day-gif.gif"; sourceTree = "<group>"; };
		A0A297FB2C36C19100DAD6A8 /* cloudy-gif.gif */ = {isa = PBXFileReference; lastKnownFileType = image.gif; path = "cloudy-gif.gif"; sourceTree = "<group>"; };
		A0A297FE2C36C1E800DAD6A8 /* fog-gif.gif */ = {isa = PBXFileReference; lastKnownFileType = image.gif; name = "fog-gif.gif"; path = "WeatherCast/Assets.xcassets/foggif.dataset/fog-gif.gif"; sourceTree = SOURCE_ROOT; };
		A0A298002C36C22700DAD6A8 /* rain-gif.gif */ = {isa = PBXFileReference; lastKnownFileType = image.gif; name = "rain-gif.gif"; path = "WeatherCast/Assets.xcassets/raingif.dataset/rain-gif.gif"; sourceTree = SOURCE_ROOT; };
		A0A298022C36C25F00DAD6A8 /* thunderstorm-gif.gif */ = {isa = PBXFileReference; lastKnownFileType = image.gif; name = "thunderstorm-gif.gif"; path = "WeatherCast/Assets.xcassets/thunderstormgif.dataset/thunderstorm-gif.gif"; sourceTree = SOURCE_ROOT; };
		A0A298042C36C28400DAD6A8 /* tornado-gif.gif */ = {isa = PBXFileReference; lastKnownFileType = image.gif; name = "tornado-gif.gif"; path = "WeatherCast/Assets.xcassets/tornadogif.dataset/tornado-gif.gif"; sourceTree = SOURCE_ROOT; };
		A0A298062C36C29D00DAD6A8 /* wind-gif.gif */ = {isa = PBXFileReference; lastKnownFileType = image.gif; name = "wind-gif.gif"; path = "WeatherCast/Assets.xcassets/windgif.dataset/wind-gif.gif"; sourceTree = SOURCE_ROOT; };
		A0A298082C36C2CA00DAD6A8 /* clear-night-gif.gif */ = {isa = PBXFileReference; lastKnownFileType = image.gif; name = "clear-night-gif.gif"; path = "WeatherCast/Assets.xcassets/clear-night-gif.dataset/clear-night-gif.gif"; sourceTree = SOURCE_ROOT; };
		A0A2980A2C36C3D300DAD6A8 /* snow-gif.gif */ = {isa = PBXFileReference; lastKnownFileType = image.gif; path = "snow-gif.gif"; sourceTree = "<group>"; };
		A0A2980C2C36C50A00DAD6A8 /* partly-cloudy-day-gif.gif */ = {isa = PBXFileReference; lastKnownFileType = image.gif; path = "partly-cloudy-day-gif.gif"; sourceTree = "<group>"; };
		A0A2980E2C36C5BC00DAD6A8 /* partly-cloudy-night-gif.gif */ = {isa = PBXFileReference; lastKnownFileType = image.gif; path = "partly-cloudy-night-gif.gif"; sourceTree = "<group>"; };
		A0A90D9E2C33FAB700ED7A59 /* GifImagePlayer.swift */ = {isa = PBXFileReference; lastKnownFileType = sourcecode.swift; path = GifImagePlayer.swift; sourceTree = "<group>"; };
		A0FF48A72C2D5445007CDF00 /* WriteJson.swift */ = {isa = PBXFileReference; lastKnownFileType = sourcecode.swift; path = WriteJson.swift; sourceTree = "<group>"; };
		A0FF48AB2C2DB323007CDF00 /* WeatherDetailView.swift */ = {isa = PBXFileReference; lastKnownFileType = sourcecode.swift; path = WeatherDetailView.swift; sourceTree = "<group>"; };
/* End PBXFileReference section */

/* Begin PBXFrameworksBuildPhase section */
		A007D5E02C1AEAD600316599 /* Frameworks */ = {
			isa = PBXFrameworksBuildPhase;
			buildActionMask = 2147483647;
			files = (
				A066B4B42C2EA60200B7BF49 /* SwiftyGif in Frameworks */,
				A0A90D9D2C33F9C700ED7A59 /* FLAnimatedImage in Frameworks */,
			);
			runOnlyForDeploymentPostprocessing = 0;
		};
		A007D5F02C1AEAD900316599 /* Frameworks */ = {
			isa = PBXFrameworksBuildPhase;
			buildActionMask = 2147483647;
			files = (
			);
			runOnlyForDeploymentPostprocessing = 0;
		};
		A007D5FA2C1AEAD900316599 /* Frameworks */ = {
			isa = PBXFrameworksBuildPhase;
			buildActionMask = 2147483647;
			files = (
			);
			runOnlyForDeploymentPostprocessing = 0;
		};
/* End PBXFrameworksBuildPhase section */

/* Begin PBXGroup section */
		A007D5DA2C1AEAD600316599 = {
			isa = PBXGroup;
			children = (
				A007D5E52C1AEAD600316599 /* WeatherCast */,
				A007D5F62C1AEAD900316599 /* WeatherCastTests */,
				A007D6002C1AEAD900316599 /* WeatherCastUITests */,
				A007D5E42C1AEAD600316599 /* Products */,
			);
			sourceTree = "<group>";
		};
		A007D5E42C1AEAD600316599 /* Products */ = {
			isa = PBXGroup;
			children = (
				A007D5E32C1AEAD600316599 /* WeatherCast.app */,
				A007D5F32C1AEAD900316599 /* WeatherCastTests.xctest */,
				A007D5FD2C1AEAD900316599 /* WeatherCastUITests.xctest */,
			);
			name = Products;
			sourceTree = "<group>";
		};
		A007D5E52C1AEAD600316599 /* WeatherCast */ = {
			isa = PBXGroup;
			children = (
				A007D5E62C1AEAD600316599 /* WeatherCastApp.swift */,
				A069079B2C2C40A4006E7382 /* MainView.swift */,
				A0FF48A72C2D5445007CDF00 /* WriteJson.swift */,
				A00809842C1C1A2100979AB6 /* VisualCrossing.swift */,
				A06907992C2C072B006E7382 /* FavoriteView.swift */,
				A0FF48AB2C2DB323007CDF00 /* WeatherDetailView.swift */,
				A0A90D9E2C33FAB700ED7A59 /* GifImagePlayer.swift */,
				A007D5EA2C1AEAD800316599 /* Assets.xcassets */,
				A0A297FD2C36C1BB00DAD6A8 /* gifs */,
				A007D5EC2C1AEAD800316599 /* Preview Content */,
			);
			path = WeatherCast;
			sourceTree = "<group>";
		};
		A007D5EC2C1AEAD800316599 /* Preview Content */ = {
			isa = PBXGroup;
			children = (
				A007D5ED2C1AEAD800316599 /* Preview Assets.xcassets */,
			);
			path = "Preview Content";
			sourceTree = "<group>";
		};
		A007D5F62C1AEAD900316599 /* WeatherCastTests */ = {
			isa = PBXGroup;
			children = (
				A007D5F72C1AEAD900316599 /* WeatherCastTests.swift */,
			);
			path = WeatherCastTests;
			sourceTree = "<group>";
		};
		A007D6002C1AEAD900316599 /* WeatherCastUITests */ = {
			isa = PBXGroup;
			children = (
				A007D6012C1AEAD900316599 /* WeatherCastUITests.swift */,
				A007D6032C1AEAD900316599 /* WeatherCastUITestsLaunchTests.swift */,
			);
			path = WeatherCastUITests;
			sourceTree = "<group>";
		};
		A0A297FD2C36C1BB00DAD6A8 /* gifs */ = {
			isa = PBXGroup;
			children = (
				A0A297FE2C36C1E800DAD6A8 /* fog-gif.gif */,
				A0A2980E2C36C5BC00DAD6A8 /* partly-cloudy-night-gif.gif */,
				A0A297F92C36BCAC00DAD6A8 /* clear-day-gif.gif */,
				A0A2980C2C36C50A00DAD6A8 /* partly-cloudy-day-gif.gif */,
				A0A297FB2C36C19100DAD6A8 /* cloudy-gif.gif */,
				A0A298082C36C2CA00DAD6A8 /* clear-night-gif.gif */,
				A0A298022C36C25F00DAD6A8 /* thunderstorm-gif.gif */,
				A0A298002C36C22700DAD6A8 /* rain-gif.gif */,
				A0A298062C36C29D00DAD6A8 /* wind-gif.gif */,
				A0A2980A2C36C3D300DAD6A8 /* snow-gif.gif */,
				A0A298042C36C28400DAD6A8 /* tornado-gif.gif */,
			);
			path = gifs;
			sourceTree = "<group>";
		};
/* End PBXGroup section */

/* Begin PBXNativeTarget section */
		A007D5E22C1AEAD600316599 /* WeatherCast */ = {
			isa = PBXNativeTarget;
			buildConfigurationList = A007D6072C1AEAD900316599 /* Build configuration list for PBXNativeTarget "WeatherCast" */;
			buildPhases = (
				A007D5DF2C1AEAD600316599 /* Sources */,
				A007D5E02C1AEAD600316599 /* Frameworks */,
				A007D5E12C1AEAD600316599 /* Resources */,
			);
			buildRules = (
			);
			dependencies = (
			);
			name = WeatherCast;
			packageProductDependencies = (
				A066B4B32C2EA60200B7BF49 /* SwiftyGif */,
				A0A90D9C2C33F9C700ED7A59 /* FLAnimatedImage */,
			);
			productName = WeatherCast;
			productReference = A007D5E32C1AEAD600316599 /* WeatherCast.app */;
			productType = "com.apple.product-type.application";
		};
		A007D5F22C1AEAD900316599 /* WeatherCastTests */ = {
			isa = PBXNativeTarget;
			buildConfigurationList = A007D60A2C1AEAD900316599 /* Build configuration list for PBXNativeTarget "WeatherCastTests" */;
			buildPhases = (
				A007D5EF2C1AEAD900316599 /* Sources */,
				A007D5F02C1AEAD900316599 /* Frameworks */,
				A007D5F12C1AEAD900316599 /* Resources */,
			);
			buildRules = (
			);
			dependencies = (
				A007D5F52C1AEAD900316599 /* PBXTargetDependency */,
			);
			name = WeatherCastTests;
			productName = WeatherCastTests;
			productReference = A007D5F32C1AEAD900316599 /* WeatherCastTests.xctest */;
			productType = "com.apple.product-type.bundle.unit-test";
		};
		A007D5FC2C1AEAD900316599 /* WeatherCastUITests */ = {
			isa = PBXNativeTarget;
			buildConfigurationList = A007D60D2C1AEAD900316599 /* Build configuration list for PBXNativeTarget "WeatherCastUITests" */;
			buildPhases = (
				A007D5F92C1AEAD900316599 /* Sources */,
				A007D5FA2C1AEAD900316599 /* Frameworks */,
				A007D5FB2C1AEAD900316599 /* Resources */,
			);
			buildRules = (
			);
			dependencies = (
				A007D5FF2C1AEAD900316599 /* PBXTargetDependency */,
			);
			name = WeatherCastUITests;
			productName = WeatherCastUITests;
			productReference = A007D5FD2C1AEAD900316599 /* WeatherCastUITests.xctest */;
			productType = "com.apple.product-type.bundle.ui-testing";
		};
/* End PBXNativeTarget section */

/* Begin PBXProject section */
		A007D5DB2C1AEAD600316599 /* Project object */ = {
			isa = PBXProject;
			attributes = {
				BuildIndependentTargetsInParallel = 1;
				LastSwiftUpdateCheck = 1540;
				LastUpgradeCheck = 1540;
				TargetAttributes = {
					A007D5E22C1AEAD600316599 = {
						CreatedOnToolsVersion = 15.4;
					};
					A007D5F22C1AEAD900316599 = {
						CreatedOnToolsVersion = 15.4;
						TestTargetID = A007D5E22C1AEAD600316599;
					};
					A007D5FC2C1AEAD900316599 = {
						CreatedOnToolsVersion = 15.4;
						TestTargetID = A007D5E22C1AEAD600316599;
					};
				};
			};
			buildConfigurationList = A007D5DE2C1AEAD600316599 /* Build configuration list for PBXProject "WeatherCast" */;
			compatibilityVersion = "Xcode 14.0";
			developmentRegion = en;
			hasScannedForEncodings = 0;
			knownRegions = (
				en,
				Base,
			);
			mainGroup = A007D5DA2C1AEAD600316599;
			packageReferences = (
				A066B4B22C2EA60200B7BF49 /* XCRemoteSwiftPackageReference "SwiftyGif" */,
				A0A90D9B2C33F9C700ED7A59 /* XCRemoteSwiftPackageReference "FLAnimatedImage" */,
			);
			productRefGroup = A007D5E42C1AEAD600316599 /* Products */;
			projectDirPath = "";
			projectRoot = "";
			targets = (
				A007D5E22C1AEAD600316599 /* WeatherCast */,
				A007D5F22C1AEAD900316599 /* WeatherCastTests */,
				A007D5FC2C1AEAD900316599 /* WeatherCastUITests */,
			);
		};
/* End PBXProject section */

/* Begin PBXResourcesBuildPhase section */
		A007D5E12C1AEAD600316599 /* Resources */ = {
			isa = PBXResourcesBuildPhase;
			buildActionMask = 2147483647;
			files = (
				A0A2980F2C36C5BC00DAD6A8 /* partly-cloudy-night-gif.gif in Resources */,
				A0A298092C36C2CA00DAD6A8 /* clear-night-gif.gif in Resources */,
				A0A298032C36C25F00DAD6A8 /* thunderstorm-gif.gif in Resources */,
				A0A2980D2C36C50A00DAD6A8 /* partly-cloudy-day-gif.gif in Resources */,
				A0A297FA2C36BCAC00DAD6A8 /* clear-day-gif.gif in Resources */,
				A0A298072C36C29D00DAD6A8 /* wind-gif.gif in Resources */,
				A007D5EE2C1AEAD800316599 /* Preview Assets.xcassets in Resources */,
				A007D5EB2C1AEAD800316599 /* Assets.xcassets in Resources */,
				A0A2980B2C36C3D300DAD6A8 /* snow-gif.gif in Resources */,
				A0A298012C36C22800DAD6A8 /* rain-gif.gif in Resources */,
				A0A297FC2C36C19100DAD6A8 /* cloudy-gif.gif in Resources */,
				A0A297FF2C36C1E800DAD6A8 /* fog-gif.gif in Resources */,
				A0A298052C36C28400DAD6A8 /* tornado-gif.gif in Resources */,
			);
			runOnlyForDeploymentPostprocessing = 0;
		};
		A007D5F12C1AEAD900316599 /* Resources */ = {
			isa = PBXResourcesBuildPhase;
			buildActionMask = 2147483647;
			files = (
			);
			runOnlyForDeploymentPostprocessing = 0;
		};
		A007D5FB2C1AEAD900316599 /* Resources */ = {
			isa = PBXResourcesBuildPhase;
			buildActionMask = 2147483647;
			files = (
			);
			runOnlyForDeploymentPostprocessing = 0;
		};
/* End PBXResourcesBuildPhase section */

/* Begin PBXSourcesBuildPhase section */
		A007D5DF2C1AEAD600316599 /* Sources */ = {
			isa = PBXSourcesBuildPhase;
			buildActionMask = 2147483647;
			files = (
				A0FF48AC2C2DB323007CDF00 /* WeatherDetailView.swift in Sources */,
				A069079A2C2C072B006E7382 /* FavoriteView.swift in Sources */,
				A0A90D9F2C33FAB700ED7A59 /* GifImagePlayer.swift in Sources */,
				A069079C2C2C40A4006E7382 /* MainView.swift in Sources */,
				A0FF48A82C2D5445007CDF00 /* WriteJson.swift in Sources */,
				A007D5E72C1AEAD600316599 /* WeatherCastApp.swift in Sources */,
				A00809852C1C1A2100979AB6 /* VisualCrossing.swift in Sources */,
			);
			runOnlyForDeploymentPostprocessing = 0;
		};
		A007D5EF2C1AEAD900316599 /* Sources */ = {
			isa = PBXSourcesBuildPhase;
			buildActionMask = 2147483647;
			files = (
				A007D5F82C1AEAD900316599 /* WeatherCastTests.swift in Sources */,
			);
			runOnlyForDeploymentPostprocessing = 0;
		};
		A007D5F92C1AEAD900316599 /* Sources */ = {
			isa = PBXSourcesBuildPhase;
			buildActionMask = 2147483647;
			files = (
				A007D6042C1AEAD900316599 /* WeatherCastUITestsLaunchTests.swift in Sources */,
				A007D6022C1AEAD900316599 /* WeatherCastUITests.swift in Sources */,
			);
			runOnlyForDeploymentPostprocessing = 0;
		};
/* End PBXSourcesBuildPhase section */

/* Begin PBXTargetDependency section */
		A007D5F52C1AEAD900316599 /* PBXTargetDependency */ = {
			isa = PBXTargetDependency;
			target = A007D5E22C1AEAD600316599 /* WeatherCast */;
			targetProxy = A007D5F42C1AEAD900316599 /* PBXContainerItemProxy */;
		};
		A007D5FF2C1AEAD900316599 /* PBXTargetDependency */ = {
			isa = PBXTargetDependency;
			target = A007D5E22C1AEAD600316599 /* WeatherCast */;
			targetProxy = A007D5FE2C1AEAD900316599 /* PBXContainerItemProxy */;
		};
/* End PBXTargetDependency section */

/* Begin XCBuildConfiguration section */
		A007D6052C1AEAD900316599 /* Debug */ = {
			isa = XCBuildConfiguration;
			buildSettings = {
				ALWAYS_SEARCH_USER_PATHS = NO;
				ASSETCATALOG_COMPILER_GENERATE_SWIFT_ASSET_SYMBOL_EXTENSIONS = YES;
				CLANG_ANALYZER_NONNULL = YES;
				CLANG_ANALYZER_NUMBER_OBJECT_CONVERSION = YES_AGGRESSIVE;
				CLANG_CXX_LANGUAGE_STANDARD = "gnu++20";
				CLANG_ENABLE_MODULES = YES;
				CLANG_ENABLE_OBJC_ARC = YES;
				CLANG_ENABLE_OBJC_WEAK = YES;
				CLANG_WARN_BLOCK_CAPTURE_AUTORELEASING = YES;
				CLANG_WARN_BOOL_CONVERSION = YES;
				CLANG_WARN_COMMA = YES;
				CLANG_WARN_CONSTANT_CONVERSION = YES;
				CLANG_WARN_DEPRECATED_OBJC_IMPLEMENTATIONS = YES;
				CLANG_WARN_DIRECT_OBJC_ISA_USAGE = YES_ERROR;
				CLANG_WARN_DOCUMENTATION_COMMENTS = YES;
				CLANG_WARN_EMPTY_BODY = YES;
				CLANG_WARN_ENUM_CONVERSION = YES;
				CLANG_WARN_INFINITE_RECURSION = YES;
				CLANG_WARN_INT_CONVERSION = YES;
				CLANG_WARN_NON_LITERAL_NULL_CONVERSION = YES;
				CLANG_WARN_OBJC_IMPLICIT_RETAIN_SELF = YES;
				CLANG_WARN_OBJC_LITERAL_CONVERSION = YES;
				CLANG_WARN_OBJC_ROOT_CLASS = YES_ERROR;
				CLANG_WARN_QUOTED_INCLUDE_IN_FRAMEWORK_HEADER = YES;
				CLANG_WARN_RANGE_LOOP_ANALYSIS = YES;
				CLANG_WARN_STRICT_PROTOTYPES = YES;
				CLANG_WARN_SUSPICIOUS_MOVE = YES;
				CLANG_WARN_UNGUARDED_AVAILABILITY = YES_AGGRESSIVE;
				CLANG_WARN_UNREACHABLE_CODE = YES;
				CLANG_WARN__DUPLICATE_METHOD_MATCH = YES;
				COPY_PHASE_STRIP = NO;
				DEBUG_INFORMATION_FORMAT = dwarf;
				ENABLE_STRICT_OBJC_MSGSEND = YES;
				ENABLE_TESTABILITY = YES;
				ENABLE_USER_SCRIPT_SANDBOXING = YES;
				GCC_C_LANGUAGE_STANDARD = gnu17;
				GCC_DYNAMIC_NO_PIC = NO;
				GCC_NO_COMMON_BLOCKS = YES;
				GCC_OPTIMIZATION_LEVEL = 0;
				GCC_PREPROCESSOR_DEFINITIONS = (
					"DEBUG=1",
					"$(inherited)",
				);
				GCC_WARN_64_TO_32_BIT_CONVERSION = YES;
				GCC_WARN_ABOUT_RETURN_TYPE = YES_ERROR;
				GCC_WARN_UNDECLARED_SELECTOR = YES;
				GCC_WARN_UNINITIALIZED_AUTOS = YES_AGGRESSIVE;
				GCC_WARN_UNUSED_FUNCTION = YES;
				GCC_WARN_UNUSED_VARIABLE = YES;
				IPHONEOS_DEPLOYMENT_TARGET = 17.5;
				LOCALIZATION_PREFERS_STRING_CATALOGS = YES;
				MTL_ENABLE_DEBUG_INFO = INCLUDE_SOURCE;
				MTL_FAST_MATH = YES;
				ONLY_ACTIVE_ARCH = YES;
				SDKROOT = iphoneos;
				SWIFT_ACTIVE_COMPILATION_CONDITIONS = "DEBUG $(inherited)";
				SWIFT_OPTIMIZATION_LEVEL = "-Onone";
			};
			name = Debug;
		};
		A007D6062C1AEAD900316599 /* Release */ = {
			isa = XCBuildConfiguration;
			buildSettings = {
				ALWAYS_SEARCH_USER_PATHS = NO;
				ASSETCATALOG_COMPILER_GENERATE_SWIFT_ASSET_SYMBOL_EXTENSIONS = YES;
				CLANG_ANALYZER_NONNULL = YES;
				CLANG_ANALYZER_NUMBER_OBJECT_CONVERSION = YES_AGGRESSIVE;
				CLANG_CXX_LANGUAGE_STANDARD = "gnu++20";
				CLANG_ENABLE_MODULES = YES;
				CLANG_ENABLE_OBJC_ARC = YES;
				CLANG_ENABLE_OBJC_WEAK = YES;
				CLANG_WARN_BLOCK_CAPTURE_AUTORELEASING = YES;
				CLANG_WARN_BOOL_CONVERSION = YES;
				CLANG_WARN_COMMA = YES;
				CLANG_WARN_CONSTANT_CONVERSION = YES;
				CLANG_WARN_DEPRECATED_OBJC_IMPLEMENTATIONS = YES;
				CLANG_WARN_DIRECT_OBJC_ISA_USAGE = YES_ERROR;
				CLANG_WARN_DOCUMENTATION_COMMENTS = YES;
				CLANG_WARN_EMPTY_BODY = YES;
				CLANG_WARN_ENUM_CONVERSION = YES;
				CLANG_WARN_INFINITE_RECURSION = YES;
				CLANG_WARN_INT_CONVERSION = YES;
				CLANG_WARN_NON_LITERAL_NULL_CONVERSION = YES;
				CLANG_WARN_OBJC_IMPLICIT_RETAIN_SELF = YES;
				CLANG_WARN_OBJC_LITERAL_CONVERSION = YES;
				CLANG_WARN_OBJC_ROOT_CLASS = YES_ERROR;
				CLANG_WARN_QUOTED_INCLUDE_IN_FRAMEWORK_HEADER = YES;
				CLANG_WARN_RANGE_LOOP_ANALYSIS = YES;
				CLANG_WARN_STRICT_PROTOTYPES = YES;
				CLANG_WARN_SUSPICIOUS_MOVE = YES;
				CLANG_WARN_UNGUARDED_AVAILABILITY = YES_AGGRESSIVE;
				CLANG_WARN_UNREACHABLE_CODE = YES;
				CLANG_WARN__DUPLICATE_METHOD_MATCH = YES;
				COPY_PHASE_STRIP = NO;
				DEBUG_INFORMATION_FORMAT = "dwarf-with-dsym";
				ENABLE_NS_ASSERTIONS = NO;
				ENABLE_STRICT_OBJC_MSGSEND = YES;
				ENABLE_USER_SCRIPT_SANDBOXING = YES;
				GCC_C_LANGUAGE_STANDARD = gnu17;
				GCC_NO_COMMON_BLOCKS = YES;
				GCC_WARN_64_TO_32_BIT_CONVERSION = YES;
				GCC_WARN_ABOUT_RETURN_TYPE = YES_ERROR;
				GCC_WARN_UNDECLARED_SELECTOR = YES;
				GCC_WARN_UNINITIALIZED_AUTOS = YES_AGGRESSIVE;
				GCC_WARN_UNUSED_FUNCTION = YES;
				GCC_WARN_UNUSED_VARIABLE = YES;
				IPHONEOS_DEPLOYMENT_TARGET = 17.5;
				LOCALIZATION_PREFERS_STRING_CATALOGS = YES;
				MTL_ENABLE_DEBUG_INFO = NO;
				MTL_FAST_MATH = YES;
				SDKROOT = iphoneos;
				SWIFT_COMPILATION_MODE = wholemodule;
				VALIDATE_PRODUCT = YES;
			};
			name = Release;
		};
		A007D6082C1AEAD900316599 /* Debug */ = {
			isa = XCBuildConfiguration;
			buildSettings = {
				ASSETCATALOG_COMPILER_APPICON_NAME = AppIcon;
				ASSETCATALOG_COMPILER_GLOBAL_ACCENT_COLOR_NAME = AccentColor;
				CODE_SIGN_STYLE = Automatic;
				CURRENT_PROJECT_VERSION = 1;
				DEVELOPMENT_ASSET_PATHS = "\"WeatherCast/Preview Content\"";
				ENABLE_PREVIEWS = YES;
				GENERATE_INFOPLIST_FILE = YES;
				INFOPLIST_KEY_UIApplicationSceneManifest_Generation = YES;
				INFOPLIST_KEY_UIApplicationSupportsIndirectInputEvents = YES;
				INFOPLIST_KEY_UILaunchScreen_Generation = YES;
				INFOPLIST_KEY_UISupportedInterfaceOrientations_iPad = "UIInterfaceOrientationPortrait UIInterfaceOrientationPortraitUpsideDown UIInterfaceOrientationLandscapeLeft UIInterfaceOrientationLandscapeRight";
				INFOPLIST_KEY_UISupportedInterfaceOrientations_iPhone = "UIInterfaceOrientationPortrait UIInterfaceOrientationLandscapeLeft UIInterfaceOrientationLandscapeRight";
				LD_RUNPATH_SEARCH_PATHS = (
					"$(inherited)",
					"@executable_path/Frameworks",
				);
				MARKETING_VERSION = 1.0;
				PRODUCT_BUNDLE_IDENTIFIER = fund.WeatherCast;
				PRODUCT_NAME = "$(TARGET_NAME)";
				SWIFT_EMIT_LOC_STRINGS = YES;
				SWIFT_VERSION = 5.0;
				TARGETED_DEVICE_FAMILY = "1,2";
			};
			name = Debug;
		};
		A007D6092C1AEAD900316599 /* Release */ = {
			isa = XCBuildConfiguration;
			buildSettings = {
				ASSETCATALOG_COMPILER_APPICON_NAME = AppIcon;
				ASSETCATALOG_COMPILER_GLOBAL_ACCENT_COLOR_NAME = AccentColor;
				CODE_SIGN_STYLE = Automatic;
				CURRENT_PROJECT_VERSION = 1;
				DEVELOPMENT_ASSET_PATHS = "\"WeatherCast/Preview Content\"";
				ENABLE_PREVIEWS = YES;
				GENERATE_INFOPLIST_FILE = YES;
				INFOPLIST_KEY_UIApplicationSceneManifest_Generation = YES;
				INFOPLIST_KEY_UIApplicationSupportsIndirectInputEvents = YES;
				INFOPLIST_KEY_UILaunchScreen_Generation = YES;
				INFOPLIST_KEY_UISupportedInterfaceOrientations_iPad = "UIInterfaceOrientationPortrait UIInterfaceOrientationPortraitUpsideDown UIInterfaceOrientationLandscapeLeft UIInterfaceOrientationLandscapeRight";
				INFOPLIST_KEY_UISupportedInterfaceOrientations_iPhone = "UIInterfaceOrientationPortrait UIInterfaceOrientationLandscapeLeft UIInterfaceOrientationLandscapeRight";
				LD_RUNPATH_SEARCH_PATHS = (
					"$(inherited)",
					"@executable_path/Frameworks",
				);
				MARKETING_VERSION = 1.0;
				PRODUCT_BUNDLE_IDENTIFIER = fund.WeatherCast;
				PRODUCT_NAME = "$(TARGET_NAME)";
				SWIFT_EMIT_LOC_STRINGS = YES;
				SWIFT_VERSION = 5.0;
				TARGETED_DEVICE_FAMILY = "1,2";
			};
			name = Release;
		};
		A007D60B2C1AEAD900316599 /* Debug */ = {
			isa = XCBuildConfiguration;
			buildSettings = {
				ALWAYS_EMBED_SWIFT_STANDARD_LIBRARIES = YES;
				BUNDLE_LOADER = "$(TEST_HOST)";
				CODE_SIGN_STYLE = Automatic;
				CURRENT_PROJECT_VERSION = 1;
				GENERATE_INFOPLIST_FILE = YES;
				IPHONEOS_DEPLOYMENT_TARGET = 17.5;
				MARKETING_VERSION = 1.0;
				PRODUCT_BUNDLE_IDENTIFIER = fund.WeatherCastTests;
				PRODUCT_NAME = "$(TARGET_NAME)";
				SWIFT_EMIT_LOC_STRINGS = NO;
				SWIFT_VERSION = 5.0;
				TARGETED_DEVICE_FAMILY = "1,2";
				TEST_HOST = "$(BUILT_PRODUCTS_DIR)/WeatherCast.app/$(BUNDLE_EXECUTABLE_FOLDER_PATH)/WeatherCast";
			};
			name = Debug;
		};
		A007D60C2C1AEAD900316599 /* Release */ = {
			isa = XCBuildConfiguration;
			buildSettings = {
				ALWAYS_EMBED_SWIFT_STANDARD_LIBRARIES = YES;
				BUNDLE_LOADER = "$(TEST_HOST)";
				CODE_SIGN_STYLE = Automatic;
				CURRENT_PROJECT_VERSION = 1;
				GENERATE_INFOPLIST_FILE = YES;
				IPHONEOS_DEPLOYMENT_TARGET = 17.5;
				MARKETING_VERSION = 1.0;
				PRODUCT_BUNDLE_IDENTIFIER = fund.WeatherCastTests;
				PRODUCT_NAME = "$(TARGET_NAME)";
				SWIFT_EMIT_LOC_STRINGS = NO;
				SWIFT_VERSION = 5.0;
				TARGETED_DEVICE_FAMILY = "1,2";
				TEST_HOST = "$(BUILT_PRODUCTS_DIR)/WeatherCast.app/$(BUNDLE_EXECUTABLE_FOLDER_PATH)/WeatherCast";
			};
			name = Release;
		};
		A007D60E2C1AEAD900316599 /* Debug */ = {
			isa = XCBuildConfiguration;
			buildSettings = {
				ALWAYS_EMBED_SWIFT_STANDARD_LIBRARIES = YES;
				CODE_SIGN_STYLE = Automatic;
				CURRENT_PROJECT_VERSION = 1;
				GENERATE_INFOPLIST_FILE = YES;
				MARKETING_VERSION = 1.0;
				PRODUCT_BUNDLE_IDENTIFIER = fund.WeatherCastUITests;
				PRODUCT_NAME = "$(TARGET_NAME)";
				SWIFT_EMIT_LOC_STRINGS = NO;
				SWIFT_VERSION = 5.0;
				TARGETED_DEVICE_FAMILY = "1,2";
				TEST_TARGET_NAME = WeatherCast;
			};
			name = Debug;
		};
		A007D60F2C1AEAD900316599 /* Release */ = {
			isa = XCBuildConfiguration;
			buildSettings = {
				ALWAYS_EMBED_SWIFT_STANDARD_LIBRARIES = YES;
				CODE_SIGN_STYLE = Automatic;
				CURRENT_PROJECT_VERSION = 1;
				GENERATE_INFOPLIST_FILE = YES;
				MARKETING_VERSION = 1.0;
				PRODUCT_BUNDLE_IDENTIFIER = fund.WeatherCastUITests;
				PRODUCT_NAME = "$(TARGET_NAME)";
				SWIFT_EMIT_LOC_STRINGS = NO;
				SWIFT_VERSION = 5.0;
				TARGETED_DEVICE_FAMILY = "1,2";
				TEST_TARGET_NAME = WeatherCast;
			};
			name = Release;
		};
/* End XCBuildConfiguration section */

/* Begin XCConfigurationList section */
		A007D5DE2C1AEAD600316599 /* Build configuration list for PBXProject "WeatherCast" */ = {
			isa = XCConfigurationList;
			buildConfigurations = (
				A007D6052C1AEAD900316599 /* Debug */,
				A007D6062C1AEAD900316599 /* Release */,
			);
			defaultConfigurationIsVisible = 0;
			defaultConfigurationName = Release;
		};
		A007D6072C1AEAD900316599 /* Build configuration list for PBXNativeTarget "WeatherCast" */ = {
			isa = XCConfigurationList;
			buildConfigurations = (
				A007D6082C1AEAD900316599 /* Debug */,
				A007D6092C1AEAD900316599 /* Release */,
			);
			defaultConfigurationIsVisible = 0;
			defaultConfigurationName = Release;
		};
		A007D60A2C1AEAD900316599 /* Build configuration list for PBXNativeTarget "WeatherCastTests" */ = {
			isa = XCConfigurationList;
			buildConfigurations = (
				A007D60B2C1AEAD900316599 /* Debug */,
				A007D60C2C1AEAD900316599 /* Release */,
			);
			defaultConfigurationIsVisible = 0;
			defaultConfigurationName = Release;
		};
		A007D60D2C1AEAD900316599 /* Build configuration list for PBXNativeTarget "WeatherCastUITests" */ = {
			isa = XCConfigurationList;
			buildConfigurations = (
				A007D60E2C1AEAD900316599 /* Debug */,
				A007D60F2C1AEAD900316599 /* Release */,
			);
			defaultConfigurationIsVisible = 0;
			defaultConfigurationName = Release;
		};
/* End XCConfigurationList section */

/* Begin XCRemoteSwiftPackageReference section */
		A066B4B22C2EA60200B7BF49 /* XCRemoteSwiftPackageReference "SwiftyGif" */ = {
			isa = XCRemoteSwiftPackageReference;
			repositoryURL = "https://github.com/kirualex/SwiftyGif";
			requirement = {
				kind = upToNextMajorVersion;
				minimumVersion = 5.4.5;
			};
		};
		A0A90D9B2C33F9C700ED7A59 /* XCRemoteSwiftPackageReference "FLAnimatedImage" */ = {
			isa = XCRemoteSwiftPackageReference;
			repositoryURL = "https://github.com/Flipboard/FLAnimatedImage";
			requirement = {
				kind = upToNextMajorVersion;
				minimumVersion = 1.0.17;
			};
		};
/* End XCRemoteSwiftPackageReference section */

/* Begin XCSwiftPackageProductDependency section */
		A066B4B32C2EA60200B7BF49 /* SwiftyGif */ = {
			isa = XCSwiftPackageProductDependency;
			package = A066B4B22C2EA60200B7BF49 /* XCRemoteSwiftPackageReference "SwiftyGif" */;
			productName = SwiftyGif;
		};
		A0A90D9C2C33F9C700ED7A59 /* FLAnimatedImage */ = {
			isa = XCSwiftPackageProductDependency;
			package = A0A90D9B2C33F9C700ED7A59 /* XCRemoteSwiftPackageReference "FLAnimatedImage" */;
			productName = FLAnimatedImage;
		};
/* End XCSwiftPackageProductDependency section */
	};
	rootObject = A007D5DB2C1AEAD600316599 /* Project object */;
}
