{
  "originHash" : "4b7c58c7de82547eb4d6952724e979c384ef448b8f32a326ac2867ef489efd0d",
  "pins" : [
    {
      "identity" : "flanimatedimage",
      "kind" : "remoteSourceControl",
      "location" : "https://github.com/Flipboard/FLAnimatedImage",
      "state" : {
        "revision" : "d4f07b6f164d53c1212c3e54d6460738b1981e9f",
        "version" : "1.0.17"
      }
    },
    {
      "identity" : "swiftygif",
      "kind" : "remoteSourceControl",
      "location" : "https://github.com/kirualex/SwiftyGif",
      "state" : {
        "revision" : "4430cbc148baa3907651d40562d96325426f409a",
        "version" : "5.4.5"
      }
    }
  ],
  "version" : 3
}
